
Microsoft Visual Studio Solution File, Format Version 12.00
# Visual Studio Version 16
VisualStudioVersion = 16.0.31313.79
MinimumVisualStudioVersion = 10.0.40219.1
Project("{FAE04EC0-301F-11D3-BF4B-00C04F79EFBC}") = "EmployeePayrollUsingThreads", "EmployeePayrollUsingThreads\EmployeePayrollUsingThreads.csproj", "{96B6ECB9-EFDB-451F-B0C6-6680FEC2E7B1}"
EndProject
Project("{FAE04EC0-301F-11D3-BF4B-00C04F79EFBC}") = "EmployeePayrollTest", "EmployeePayrollTest\EmployeePayrollTest.csproj", "{5ACA62D6-6E0C-4EFA-AD17-501A5B78BF99}"
EndProject
Global
	GlobalSection(SolutionConfigurationPlatforms) = preSolution
		Debug|Any CPU = Debug|Any CPU
		Release|Any CPU = Release|Any CPU
	EndGlobalSection
	GlobalSection(ProjectConfigurationPlatforms) = postSolution
		{96B6ECB9-EFDB-451F-B0C6-6680FEC2E7B1}.Debug|Any CPU.ActiveCfg = Debug|Any CPU
		{96B6ECB9-EFDB-451F-B0C6-6680FEC2E7B1}.Debug|Any CPU.Build.0 = Debug|Any CPU
		{96B6ECB9-EFDB-451F-B0C6-6680FEC2E7B1}.Release|Any CPU.ActiveCfg = Release|Any CPU
		{96B6ECB9-EFDB-451F-B0C6-6680FEC2E7B1}.Release|Any CPU.Build.0 = Release|Any CPU
		{5ACA62D6-6E0C-4EFA-AD17-501A5B78BF99}.Debug|Any CPU.ActiveCfg = Debug|Any CPU
		{5ACA62D6-6E0C-4EFA-AD17-501A5B78BF99}.Debug|Any CPU.Build.0 = Debug|Any CPU
		{5ACA62D6-6E0C-4EFA-AD17-501A5B78BF99}.Release|Any CPU.ActiveCfg = Release|Any CPU
		{5ACA62D6-6E0C-4EFA-AD17-501A5B78BF99}.Release|Any CPU.Build.0 = Release|Any CPU
	EndGlobalSection
	GlobalSection(SolutionProperties) = preSolution
		HideSolutionNode = FALSE
	EndGlobalSection
	GlobalSection(ExtensibilityGlobals) = postSolution
		SolutionGuid = {924D714A-0E1D-4F58-865C-656B16D4F9DA}
	EndGlobalSection
EndGlobal
